
Microsoft Visual Studio Solution File, Format Version 12.00
# Visual Studio Version 16
VisualStudioVersion = 16.0.29209.62
MinimumVisualStudioVersion = 10.0.40219.1
Project("{FAE04EC0-301F-11D3-BF4B-00C04F79EFBC}") = "UserInformation", "UserInformation\UserInformation.csproj", "{39A6FB01-697C-4C27-BD33-E4129F4E001D}"
EndProject
Project("{FAE04EC0-301F-11D3-BF4B-00C04F79EFBC}") = "BLL", "BLL\BLL.csproj", "{6F0D4998-1A00-4B18-91B2-AF4A21A8D2E1}"
EndProject
Project("{FAE04EC0-301F-11D3-BF4B-00C04F79EFBC}") = "DLL", "DLL\DLL.csproj", "{0AE5A9F9-D497-4691-920C-AA8CE615D211}"
EndProject
Project("{FAE04EC0-301F-11D3-BF4B-00C04F79EFBC}") = "DatabaseObjects", "DatabaseObjects\DatabaseObjects.csproj", "{B537387F-312C-44B6-A25F-B408292312E1}"
EndProject
Project("{FAE04EC0-301F-11D3-BF4B-00C04F79EFBC}") = "UnitTestTDD", "UnitTestTDD\UnitTestTDD.csproj", "{5AD191C0-36B7-4D40-9F01-807B3EF504AB}"
EndProject
Global
	GlobalSection(SolutionConfigurationPlatforms) = preSolution
		Debug|Any CPU = Debug|Any CPU
		Release|Any CPU = Release|Any CPU
	EndGlobalSection
	GlobalSection(ProjectConfigurationPlatforms) = postSolution
		{39A6FB01-697C-4C27-BD33-E4129F4E001D}.Debug|Any CPU.ActiveCfg = Debug|Any CPU
		{39A6FB01-697C-4C27-BD33-E4129F4E001D}.Debug|Any CPU.Build.0 = Debug|Any CPU
		{39A6FB01-697C-4C27-BD33-E4129F4E001D}.Release|Any CPU.ActiveCfg = Release|Any CPU
		{39A6FB01-697C-4C27-BD33-E4129F4E001D}.Release|Any CPU.Build.0 = Release|Any CPU
		{6F0D4998-1A00-4B18-91B2-AF4A21A8D2E1}.Debug|Any CPU.ActiveCfg = Debug|Any CPU
		{6F0D4998-1A00-4B18-91B2-AF4A21A8D2E1}.Debug|Any CPU.Build.0 = Debug|Any CPU
		{6F0D4998-1A00-4B18-91B2-AF4A21A8D2E1}.Release|Any CPU.ActiveCfg = Release|Any CPU
		{6F0D4998-1A00-4B18-91B2-AF4A21A8D2E1}.Release|Any CPU.Build.0 = Release|Any CPU
		{0AE5A9F9-D497-4691-920C-AA8CE615D211}.Debug|Any CPU.ActiveCfg = Debug|Any CPU
		{0AE5A9F9-D497-4691-920C-AA8CE615D211}.Debug|Any CPU.Build.0 = Debug|Any CPU
		{0AE5A9F9-D497-4691-920C-AA8CE615D211}.Release|Any CPU.ActiveCfg = Release|Any CPU
		{0AE5A9F9-D497-4691-920C-AA8CE615D211}.Release|Any CPU.Build.0 = Release|Any CPU
		{B537387F-312C-44B6-A25F-B408292312E1}.Debug|Any CPU.ActiveCfg = Debug|Any CPU
		{B537387F-312C-44B6-A25F-B408292312E1}.Debug|Any CPU.Build.0 = Debug|Any CPU
		{B537387F-312C-44B6-A25F-B408292312E1}.Release|Any CPU.ActiveCfg = Release|Any CPU
		{B537387F-312C-44B6-A25F-B408292312E1}.Release|Any CPU.Build.0 = Release|Any CPU
		{5AD191C0-36B7-4D40-9F01-807B3EF504AB}.Debug|Any CPU.ActiveCfg = Debug|Any CPU
		{5AD191C0-36B7-4D40-9F01-807B3EF504AB}.Debug|Any CPU.Build.0 = Debug|Any CPU
		{5AD191C0-36B7-4D40-9F01-807B3EF504AB}.Release|Any CPU.ActiveCfg = Release|Any CPU
		{5AD191C0-36B7-4D40-9F01-807B3EF504AB}.Release|Any CPU.Build.0 = Release|Any CPU
	EndGlobalSection
	GlobalSection(SolutionProperties) = preSolution
		HideSolutionNode = FALSE
	EndGlobalSection
	GlobalSection(ExtensibilityGlobals) = postSolution
		SolutionGuid = {F33234CD-B736-4A2C-BDC0-960A71549997}
	EndGlobalSection
EndGlobal
